
Microsoft Visual Studio Solution File, Format Version 12.00
# Visual Studio Version 17
VisualStudioVersion = 17.5.33516.290
MinimumVisualStudioVersion = 10.0.40219.1
Project("{FAE04EC0-301F-11D3-BF4B-00C04F79EFBC}") = "MiddlewareWprawka", "MiddlewareWprawka\MiddlewareWprawka.csproj", "{416F65D8-A417-4B54-9FAC-41F987D8853B}"
EndProject
Global
	GlobalSection(SolutionConfigurationPlatforms) = preSolution
		Debug|Any CPU = Debug|Any CPU
		Release|Any CPU = Release|Any CPU
	EndGlobalSection
	GlobalSection(ProjectConfigurationPlatforms) = postSolution
		{416F65D8-A417-4B54-9FAC-41F987D8853B}.Debug|Any CPU.ActiveCfg = Debug|Any CPU
		{416F65D8-A417-4B54-9FAC-41F987D8853B}.Debug|Any CPU.Build.0 = Debug|Any CPU
		{416F65D8-A417-4B54-9FAC-41F987D8853B}.Release|Any CPU.ActiveCfg = Release|Any CPU
		{416F65D8-A417-4B54-9FAC-41F987D8853B}.Release|Any CPU.Build.0 = Release|Any CPU
	EndGlobalSection
	GlobalSection(SolutionProperties) = preSolution
		HideSolutionNode = FALSE
	EndGlobalSection
	GlobalSection(ExtensibilityGlobals) = postSolution
		SolutionGuid = {D378FDF1-6FA5-4FDA-9564-83B67EC2E6AB}
	EndGlobalSection
EndGlobal
